
Microsoft Visual Studio Solution File, Format Version 12.00
# Visual Studio Version 16
VisualStudioVersion = 16.0.30330.147
MinimumVisualStudioVersion = 10.0.40219.1
Project("{FAE04EC0-301F-11D3-BF4B-00C04F79EFBC}") = "LongestPath", "LongestPath.csproj", "{5E670139-22C4-43EB-BF05-91A08A53855D}"
EndProject
Global
	GlobalSection(SolutionConfigurationPlatforms) = preSolution
		Debug|Any CPU = Debug|Any CPU
		Release|Any CPU = Release|Any CPU
	EndGlobalSection
	GlobalSection(ProjectConfigurationPlatforms) = postSolution
		{5E670139-22C4-43EB-BF05-91A08A53855D}.Debug|Any CPU.ActiveCfg = Debug|Any CPU
		{5E670139-22C4-43EB-BF05-91A08A53855D}.Debug|Any CPU.Build.0 = Debug|Any CPU
		{5E670139-22C4-43EB-BF05-91A08A53855D}.Release|Any CPU.ActiveCfg = Release|Any CPU
		{5E670139-22C4-43EB-BF05-91A08A53855D}.Release|Any CPU.Build.0 = Release|Any CPU
	EndGlobalSection
	GlobalSection(SolutionProperties) = preSolution
		HideSolutionNode = FALSE
	EndGlobalSection
	GlobalSection(ExtensibilityGlobals) = postSolution
		SolutionGuid = {9F71F0B7-9D1A-40E8-AE2D-32065A515B0D}
	EndGlobalSection
EndGlobal
